
Microsoft Visual Studio Solution File, Format Version 12.00
# Visual Studio Version 17
VisualStudioVersion = 17.13.36105.23 d17.13
MinimumVisualStudioVersion = 10.0.40219.1
Project("{FAE04EC0-301F-11D3-BF4B-00C04F79EFBC}") = "UserManager.Api", "UserManager.Api\UserManager.Api.csproj", "{A4E9F1DB-7F74-490A-A0BB-2F0D159AA4AC}"
EndProject
Project("{FAE04EC0-301F-11D3-BF4B-00C04F79EFBC}") = "UserManager.Domain", "UserManager.Domain\UserManager.Domain.csproj", "{1586EB09-C34C-4C1F-8E1D-5D3512BA55F1}"
EndProject
Project("{FAE04EC0-301F-11D3-BF4B-00C04F79EFBC}") = "UserManager.Infrastructure", "UserManager.Infrastructure\UserManager.Infrastructure.csproj", "{209F0464-818F-49AB-8BB0-C75371C18306}"
EndProject
Project("{FAE04EC0-301F-11D3-BF4B-00C04F79EFBC}") = "UserManager.Application", "UserManager.Application\UserManager.Application.csproj", "{0CD7229A-EE04-4185-8E77-82E574A81271}"
EndProject
Global
	GlobalSection(SolutionConfigurationPlatforms) = preSolution
		Debug|Any CPU = Debug|Any CPU
		Release|Any CPU = Release|Any CPU
	EndGlobalSection
	GlobalSection(ProjectConfigurationPlatforms) = postSolution
		{A4E9F1DB-7F74-490A-A0BB-2F0D159AA4AC}.Debug|Any CPU.ActiveCfg = Debug|Any CPU
		{A4E9F1DB-7F74-490A-A0BB-2F0D159AA4AC}.Debug|Any CPU.Build.0 = Debug|Any CPU
		{A4E9F1DB-7F74-490A-A0BB-2F0D159AA4AC}.Release|Any CPU.ActiveCfg = Release|Any CPU
		{A4E9F1DB-7F74-490A-A0BB-2F0D159AA4AC}.Release|Any CPU.Build.0 = Release|Any CPU
		{1586EB09-C34C-4C1F-8E1D-5D3512BA55F1}.Debug|Any CPU.ActiveCfg = Debug|Any CPU
		{1586EB09-C34C-4C1F-8E1D-5D3512BA55F1}.Debug|Any CPU.Build.0 = Debug|Any CPU
		{1586EB09-C34C-4C1F-8E1D-5D3512BA55F1}.Release|Any CPU.ActiveCfg = Release|Any CPU
		{1586EB09-C34C-4C1F-8E1D-5D3512BA55F1}.Release|Any CPU.Build.0 = Release|Any CPU
		{209F0464-818F-49AB-8BB0-C75371C18306}.Debug|Any CPU.ActiveCfg = Debug|Any CPU
		{209F0464-818F-49AB-8BB0-C75371C18306}.Debug|Any CPU.Build.0 = Debug|Any CPU
		{209F0464-818F-49AB-8BB0-C75371C18306}.Release|Any CPU.ActiveCfg = Release|Any CPU
		{209F0464-818F-49AB-8BB0-C75371C18306}.Release|Any CPU.Build.0 = Release|Any CPU
		{0CD7229A-EE04-4185-8E77-82E574A81271}.Debug|Any CPU.ActiveCfg = Debug|Any CPU
		{0CD7229A-EE04-4185-8E77-82E574A81271}.Debug|Any CPU.Build.0 = Debug|Any CPU
		{0CD7229A-EE04-4185-8E77-82E574A81271}.Release|Any CPU.ActiveCfg = Release|Any CPU
		{0CD7229A-EE04-4185-8E77-82E574A81271}.Release|Any CPU.Build.0 = Release|Any CPU
	EndGlobalSection
	GlobalSection(SolutionProperties) = preSolution
		HideSolutionNode = FALSE
	EndGlobalSection
	GlobalSection(ExtensibilityGlobals) = postSolution
		SolutionGuid = {6B5614F3-18A9-416E-822E-3D7238E53D90}
	EndGlobalSection
EndGlobal
